
Microsoft Visual Studio Solution File, Format Version 10.00
# Visual Studio 2008
Project("{FAE04EC0-301F-11D3-BF4B-00C04F79EFBC}") = "WinClient", "WinClient\WinClient.csproj", "{2678D2E1-8B6B-4A2C-8E17-491D30806E56}"
	ProjectSection(ProjectDependencies) = postProject
		{0C233CA2-04FF-45C7-BEC0-9E89C4384827} = {0C233CA2-04FF-45C7-BEC0-9E89C4384827}
	EndProjectSection
EndProject
Project("{FAE04EC0-301F-11D3-BF4B-00C04F79EFBC}") = "BLL", "BLL\BLL.csproj", "{2E3ACCD1-D396-404C-9297-486D0CFB2F50}"
EndProject
Project("{FAE04EC0-301F-11D3-BF4B-00C04F79EFBC}") = "DAL", "DAL\DAL.csproj", "{E1E9220A-63B2-41C3-AA26-2DC58BE56C75}"
EndProject
Project("{FAE04EC0-301F-11D3-BF4B-00C04F79EFBC}") = "DispatchAR", "DispatchAR\DispatchAR.csproj", "{0C233CA2-04FF-45C7-BEC0-9E89C4384827}"
EndProject
Project("{FAE04EC0-301F-11D3-BF4B-00C04F79EFBC}") = "DispatchLinq", "..\..\..\w\SubSonic1\DispatchLinq\DispatchLinq.csproj", "{4F390177-64C5-4088-90C4-689E3BDAE104}"
EndProject
Global
	GlobalSection(SolutionConfigurationPlatforms) = preSolution
		Debug|Any CPU = Debug|Any CPU
		Release|Any CPU = Release|Any CPU
	EndGlobalSection
	GlobalSection(ProjectConfigurationPlatforms) = postSolution
		{2678D2E1-8B6B-4A2C-8E17-491D30806E56}.Debug|Any CPU.ActiveCfg = Debug|Any CPU
		{2678D2E1-8B6B-4A2C-8E17-491D30806E56}.Debug|Any CPU.Build.0 = Debug|Any CPU
		{2678D2E1-8B6B-4A2C-8E17-491D30806E56}.Release|Any CPU.ActiveCfg = Release|Any CPU
		{2678D2E1-8B6B-4A2C-8E17-491D30806E56}.Release|Any CPU.Build.0 = Release|Any CPU
		{2E3ACCD1-D396-404C-9297-486D0CFB2F50}.Debug|Any CPU.ActiveCfg = Debug|Any CPU
		{2E3ACCD1-D396-404C-9297-486D0CFB2F50}.Debug|Any CPU.Build.0 = Debug|Any CPU
		{2E3ACCD1-D396-404C-9297-486D0CFB2F50}.Release|Any CPU.ActiveCfg = Release|Any CPU
		{2E3ACCD1-D396-404C-9297-486D0CFB2F50}.Release|Any CPU.Build.0 = Release|Any CPU
		{E1E9220A-63B2-41C3-AA26-2DC58BE56C75}.Debug|Any CPU.ActiveCfg = Debug|Any CPU
		{E1E9220A-63B2-41C3-AA26-2DC58BE56C75}.Debug|Any CPU.Build.0 = Debug|Any CPU
		{E1E9220A-63B2-41C3-AA26-2DC58BE56C75}.Release|Any CPU.ActiveCfg = Release|Any CPU
		{E1E9220A-63B2-41C3-AA26-2DC58BE56C75}.Release|Any CPU.Build.0 = Release|Any CPU
		{0C233CA2-04FF-45C7-BEC0-9E89C4384827}.Debug|Any CPU.ActiveCfg = Debug|Any CPU
		{0C233CA2-04FF-45C7-BEC0-9E89C4384827}.Debug|Any CPU.Build.0 = Debug|Any CPU
		{0C233CA2-04FF-45C7-BEC0-9E89C4384827}.Release|Any CPU.ActiveCfg = Release|Any CPU
		{0C233CA2-04FF-45C7-BEC0-9E89C4384827}.Release|Any CPU.Build.0 = Release|Any CPU
		{4F390177-64C5-4088-90C4-689E3BDAE104}.Debug|Any CPU.ActiveCfg = Debug|Any CPU
		{4F390177-64C5-4088-90C4-689E3BDAE104}.Debug|Any CPU.Build.0 = Debug|Any CPU
		{4F390177-64C5-4088-90C4-689E3BDAE104}.Release|Any CPU.ActiveCfg = Release|Any CPU
		{4F390177-64C5-4088-90C4-689E3BDAE104}.Release|Any CPU.Build.0 = Release|Any CPU
	EndGlobalSection
	GlobalSection(SolutionProperties) = preSolution
		HideSolutionNode = FALSE
	EndGlobalSection
EndGlobal
